
Microsoft Visual Studio Solution File, Format Version 12.00
# Visual Studio Version 17
VisualStudioVersion = 17.13.35931.197
MinimumVisualStudioVersion = 10.0.40219.1
Project("{FAE04EC0-301F-11D3-BF4B-00C04F79EFBC}") = "Controllers.API", "DotNet Endpoint Arena\Controllers.API.csproj", "{B48838B4-E6C5-4E4A-A60D-F637B11C86BC}"
EndProject
Project("{2150E333-8FDC-42A3-9474-1A3956D46DE8}") = "src", "src", "{02EA681E-C7D8-13C7-8484-4AC65E1B71E8}"
EndProject
Project("{FAE04EC0-301F-11D3-BF4B-00C04F79EFBC}") = "Common", "Common\Common.csproj", "{F3B3C8C1-66A9-44CF-88BF-F9236B1E5682}"
EndProject
Project("{FAE04EC0-301F-11D3-BF4B-00C04F79EFBC}") = "MinimalApi.Api", "MinimalApi.Api\MinimalApi.Api.csproj", "{6C50157B-264E-49B4-82E6-19065BCD752C}"
EndProject
Project("{FAE04EC0-301F-11D3-BF4B-00C04F79EFBC}") = "Carter.Api", "Carter.Api\Carter.Api.csproj", "{E026F8F7-0B07-4066-9A07-83E9392CC01D}"
EndProject
Project("{FAE04EC0-301F-11D3-BF4B-00C04F79EFBC}") = "BenchmarkNBomber", "BenchmarkNBomber\BenchmarkNBomber.csproj", "{491B9812-B8D7-4CE3-9BC7-0225A91E0043}"
EndProject
Project("{FAE04EC0-301F-11D3-BF4B-00C04F79EFBC}") = "ApiEndpoints.Api", "ApiEndpoints.Api\ApiEndpoints.Api.csproj", "{8FC088F3-5295-BEAB-557C-98D02610C7FD}"
EndProject
Project("{FAE04EC0-301F-11D3-BF4B-00C04F79EFBC}") = "FastEndpoints.Api", "FastEndpoints.Api\FastEndpoints.Api.csproj", "{3C0E5A61-6664-4035-819F-ECDAADED1E7D}"
EndProject
Global
	GlobalSection(SolutionConfigurationPlatforms) = preSolution
		Debug|Any CPU = Debug|Any CPU
		Release|Any CPU = Release|Any CPU
	EndGlobalSection
	GlobalSection(ProjectConfigurationPlatforms) = postSolution
		{B48838B4-E6C5-4E4A-A60D-F637B11C86BC}.Debug|Any CPU.ActiveCfg = Debug|Any CPU
		{B48838B4-E6C5-4E4A-A60D-F637B11C86BC}.Debug|Any CPU.Build.0 = Debug|Any CPU
		{B48838B4-E6C5-4E4A-A60D-F637B11C86BC}.Release|Any CPU.ActiveCfg = Release|Any CPU
		{B48838B4-E6C5-4E4A-A60D-F637B11C86BC}.Release|Any CPU.Build.0 = Release|Any CPU
		{F3B3C8C1-66A9-44CF-88BF-F9236B1E5682}.Debug|Any CPU.ActiveCfg = Debug|Any CPU
		{F3B3C8C1-66A9-44CF-88BF-F9236B1E5682}.Debug|Any CPU.Build.0 = Debug|Any CPU
		{F3B3C8C1-66A9-44CF-88BF-F9236B1E5682}.Release|Any CPU.ActiveCfg = Release|Any CPU
		{F3B3C8C1-66A9-44CF-88BF-F9236B1E5682}.Release|Any CPU.Build.0 = Release|Any CPU
		{6C50157B-264E-49B4-82E6-19065BCD752C}.Debug|Any CPU.ActiveCfg = Debug|Any CPU
		{6C50157B-264E-49B4-82E6-19065BCD752C}.Debug|Any CPU.Build.0 = Debug|Any CPU
		{6C50157B-264E-49B4-82E6-19065BCD752C}.Release|Any CPU.ActiveCfg = Release|Any CPU
		{6C50157B-264E-49B4-82E6-19065BCD752C}.Release|Any CPU.Build.0 = Release|Any CPU
		{E026F8F7-0B07-4066-9A07-83E9392CC01D}.Debug|Any CPU.ActiveCfg = Debug|Any CPU
		{E026F8F7-0B07-4066-9A07-83E9392CC01D}.Debug|Any CPU.Build.0 = Debug|Any CPU
		{E026F8F7-0B07-4066-9A07-83E9392CC01D}.Release|Any CPU.ActiveCfg = Release|Any CPU
		{E026F8F7-0B07-4066-9A07-83E9392CC01D}.Release|Any CPU.Build.0 = Release|Any CPU
		{491B9812-B8D7-4CE3-9BC7-0225A91E0043}.Debug|Any CPU.ActiveCfg = Debug|Any CPU
		{491B9812-B8D7-4CE3-9BC7-0225A91E0043}.Debug|Any CPU.Build.0 = Debug|Any CPU
		{491B9812-B8D7-4CE3-9BC7-0225A91E0043}.Release|Any CPU.ActiveCfg = Release|Any CPU
		{491B9812-B8D7-4CE3-9BC7-0225A91E0043}.Release|Any CPU.Build.0 = Release|Any CPU
		{8FC088F3-5295-BEAB-557C-98D02610C7FD}.Debug|Any CPU.ActiveCfg = Debug|Any CPU
		{8FC088F3-5295-BEAB-557C-98D02610C7FD}.Debug|Any CPU.Build.0 = Debug|Any CPU
		{8FC088F3-5295-BEAB-557C-98D02610C7FD}.Release|Any CPU.ActiveCfg = Release|Any CPU
		{8FC088F3-5295-BEAB-557C-98D02610C7FD}.Release|Any CPU.Build.0 = Release|Any CPU
		{3C0E5A61-6664-4035-819F-ECDAADED1E7D}.Debug|Any CPU.ActiveCfg = Debug|Any CPU
		{3C0E5A61-6664-4035-819F-ECDAADED1E7D}.Debug|Any CPU.Build.0 = Debug|Any CPU
		{3C0E5A61-6664-4035-819F-ECDAADED1E7D}.Release|Any CPU.ActiveCfg = Release|Any CPU
		{3C0E5A61-6664-4035-819F-ECDAADED1E7D}.Release|Any CPU.Build.0 = Release|Any CPU
	EndGlobalSection
	GlobalSection(SolutionProperties) = preSolution
		HideSolutionNode = FALSE
	EndGlobalSection
	GlobalSection(NestedProjects) = preSolution
		{B48838B4-E6C5-4E4A-A60D-F637B11C86BC} = {02EA681E-C7D8-13C7-8484-4AC65E1B71E8}
		{F3B3C8C1-66A9-44CF-88BF-F9236B1E5682} = {02EA681E-C7D8-13C7-8484-4AC65E1B71E8}
		{6C50157B-264E-49B4-82E6-19065BCD752C} = {02EA681E-C7D8-13C7-8484-4AC65E1B71E8}
		{E026F8F7-0B07-4066-9A07-83E9392CC01D} = {02EA681E-C7D8-13C7-8484-4AC65E1B71E8}
		{491B9812-B8D7-4CE3-9BC7-0225A91E0043} = {02EA681E-C7D8-13C7-8484-4AC65E1B71E8}
		{8FC088F3-5295-BEAB-557C-98D02610C7FD} = {02EA681E-C7D8-13C7-8484-4AC65E1B71E8}
		{3C0E5A61-6664-4035-819F-ECDAADED1E7D} = {02EA681E-C7D8-13C7-8484-4AC65E1B71E8}
	EndGlobalSection
	GlobalSection(ExtensibilityGlobals) = postSolution
		SolutionGuid = {C316B9CD-D5A1-41E3-8496-103CCBC672F7}
	EndGlobalSection
EndGlobal
